
Microsoft Visual Studio Solution File, Format Version 12.00
# Visual Studio 15
VisualStudioVersion = 15.0.27130.2010
MinimumVisualStudioVersion = 10.0.40219.1
Project("{FAE04EC0-301F-11D3-BF4B-00C04F79EFBC}") = "AnagramDetection", "AnagramDetection\AnagramDetection.csproj", "{1DCBE65B-3DDF-45BD-8384-829DCCAD609B}"
EndProject
Project("{FAE04EC0-301F-11D3-BF4B-00C04F79EFBC}") = "UnitTestProject2", "UnitTestProject2\UnitTestProject2.csproj", "{9D0FCCD3-6C8E-46A2-9517-3ACFBD657CD7}"
EndProject
Global
	GlobalSection(SolutionConfigurationPlatforms) = preSolution
		Debug|Any CPU = Debug|Any CPU
		Release|Any CPU = Release|Any CPU
	EndGlobalSection
	GlobalSection(ProjectConfigurationPlatforms) = postSolution
		{1DCBE65B-3DDF-45BD-8384-829DCCAD609B}.Debug|Any CPU.ActiveCfg = Debug|Any CPU
		{1DCBE65B-3DDF-45BD-8384-829DCCAD609B}.Debug|Any CPU.Build.0 = Debug|Any CPU
		{1DCBE65B-3DDF-45BD-8384-829DCCAD609B}.Release|Any CPU.ActiveCfg = Release|Any CPU
		{1DCBE65B-3DDF-45BD-8384-829DCCAD609B}.Release|Any CPU.Build.0 = Release|Any CPU
		{9D0FCCD3-6C8E-46A2-9517-3ACFBD657CD7}.Debug|Any CPU.ActiveCfg = Debug|Any CPU
		{9D0FCCD3-6C8E-46A2-9517-3ACFBD657CD7}.Debug|Any CPU.Build.0 = Debug|Any CPU
		{9D0FCCD3-6C8E-46A2-9517-3ACFBD657CD7}.Release|Any CPU.ActiveCfg = Release|Any CPU
		{9D0FCCD3-6C8E-46A2-9517-3ACFBD657CD7}.Release|Any CPU.Build.0 = Release|Any CPU
	EndGlobalSection
	GlobalSection(SolutionProperties) = preSolution
		HideSolutionNode = FALSE
	EndGlobalSection
	GlobalSection(ExtensibilityGlobals) = postSolution
		SolutionGuid = {ACB25689-DDC6-4019-A5F1-56F9BD3B2D82}
	EndGlobalSection
EndGlobal
